
Microsoft Visual Studio Solution File, Format Version 12.00
# Visual Studio 15
VisualStudioVersion = 15.0.26403.0
MinimumVisualStudioVersion = 10.0.40219.1
Project("{FAE04EC0-301F-11D3-BF4B-00C04F79EFBC}") = "Email", "Email\Email.csproj", "{BCABD981-DB99-433C-B8D1-9DCB31AE35FF}"
EndProject
Project("{FAE04EC0-301F-11D3-BF4B-00C04F79EFBC}") = "Email.SendGrid", "Email.SendGrid\Email.SendGrid.csproj", "{36BFEBBF-5C8D-434A-823D-95E89BA2D79E}"
EndProject
Project("{FAE04EC0-301F-11D3-BF4B-00C04F79EFBC}") = "Email.GoogleAnalytics", "Email.GoogleAnalytics\Email.GoogleAnalytics.csproj", "{2A2B1B53-13FD-432F-8DE1-A30AE04CFD78}"
EndProject
Project("{FAE04EC0-301F-11D3-BF4B-00C04F79EFBC}") = "Email.Test", "Email.Test\Email.Test.csproj", "{D5A3E89A-30B8-42FB-A72B-4099FB046508}"
EndProject
Global
	GlobalSection(SolutionConfigurationPlatforms) = preSolution
		Debug|Any CPU = Debug|Any CPU
		Release|Any CPU = Release|Any CPU
	EndGlobalSection
	GlobalSection(ProjectConfigurationPlatforms) = postSolution
		{BCABD981-DB99-433C-B8D1-9DCB31AE35FF}.Debug|Any CPU.ActiveCfg = Debug|Any CPU
		{BCABD981-DB99-433C-B8D1-9DCB31AE35FF}.Debug|Any CPU.Build.0 = Debug|Any CPU
		{BCABD981-DB99-433C-B8D1-9DCB31AE35FF}.Release|Any CPU.ActiveCfg = Release|Any CPU
		{BCABD981-DB99-433C-B8D1-9DCB31AE35FF}.Release|Any CPU.Build.0 = Release|Any CPU
		{36BFEBBF-5C8D-434A-823D-95E89BA2D79E}.Debug|Any CPU.ActiveCfg = Debug|Any CPU
		{36BFEBBF-5C8D-434A-823D-95E89BA2D79E}.Debug|Any CPU.Build.0 = Debug|Any CPU
		{36BFEBBF-5C8D-434A-823D-95E89BA2D79E}.Release|Any CPU.ActiveCfg = Release|Any CPU
		{36BFEBBF-5C8D-434A-823D-95E89BA2D79E}.Release|Any CPU.Build.0 = Release|Any CPU
		{2A2B1B53-13FD-432F-8DE1-A30AE04CFD78}.Debug|Any CPU.ActiveCfg = Debug|Any CPU
		{2A2B1B53-13FD-432F-8DE1-A30AE04CFD78}.Debug|Any CPU.Build.0 = Debug|Any CPU
		{2A2B1B53-13FD-432F-8DE1-A30AE04CFD78}.Release|Any CPU.ActiveCfg = Release|Any CPU
		{2A2B1B53-13FD-432F-8DE1-A30AE04CFD78}.Release|Any CPU.Build.0 = Release|Any CPU
		{D5A3E89A-30B8-42FB-A72B-4099FB046508}.Debug|Any CPU.ActiveCfg = Debug|Any CPU
		{D5A3E89A-30B8-42FB-A72B-4099FB046508}.Debug|Any CPU.Build.0 = Debug|Any CPU
		{D5A3E89A-30B8-42FB-A72B-4099FB046508}.Release|Any CPU.ActiveCfg = Release|Any CPU
		{D5A3E89A-30B8-42FB-A72B-4099FB046508}.Release|Any CPU.Build.0 = Release|Any CPU
	EndGlobalSection
	GlobalSection(SolutionProperties) = preSolution
		HideSolutionNode = FALSE
	EndGlobalSection
EndGlobal
